
Microsoft Visual Studio Solution File, Format Version 12.00
# Visual Studio Version 17
VisualStudioVersion = 17.7.34031.279
MinimumVisualStudioVersion = 10.0.40219.1
Project("{FAE04EC0-301F-11D3-BF4B-00C04F79EFBC}") = "UpmeetEvent", "UpmeetEvent\UpmeetEvent.csproj", "{A37DABEC-0F17-4287-8DC4-7C6AB718A355}"
EndProject
Global
	GlobalSection(SolutionConfigurationPlatforms) = preSolution
		Debug|Any CPU = Debug|Any CPU
		Release|Any CPU = Release|Any CPU
	EndGlobalSection
	GlobalSection(ProjectConfigurationPlatforms) = postSolution
		{A37DABEC-0F17-4287-8DC4-7C6AB718A355}.Debug|Any CPU.ActiveCfg = Debug|Any CPU
		{A37DABEC-0F17-4287-8DC4-7C6AB718A355}.Debug|Any CPU.Build.0 = Debug|Any CPU
		{A37DABEC-0F17-4287-8DC4-7C6AB718A355}.Release|Any CPU.ActiveCfg = Release|Any CPU
		{A37DABEC-0F17-4287-8DC4-7C6AB718A355}.Release|Any CPU.Build.0 = Release|Any CPU
	EndGlobalSection
	GlobalSection(SolutionProperties) = preSolution
		HideSolutionNode = FALSE
	EndGlobalSection
	GlobalSection(ExtensibilityGlobals) = postSolution
		SolutionGuid = {E7B431DF-6C7F-4D61-BB95-CB017910667F}
	EndGlobalSection
EndGlobal
